
Microsoft Visual Studio Solution File, Format Version 12.00
# Visual Studio 15
VisualStudioVersion = 15.0.27130.2027
MinimumVisualStudioVersion = 10.0.40219.1
Project("{FAE04EC0-301F-11D3-BF4B-00C04F79EFBC}") = "File_Operations_Lib", "File_Operations_Lib\File_Operations_Lib.csproj", "{F29D5733-600E-4B87-A838-5258D846C1A4}"
EndProject
Project("{FAE04EC0-301F-11D3-BF4B-00C04F79EFBC}") = "test_FileOperations", "test_FileOperations\test_FileOperations.csproj", "{EA9B897F-E9F7-461A-B13A-5386ADAFC433}"
EndProject
Global
	GlobalSection(SolutionConfigurationPlatforms) = preSolution
		Debug|Any CPU = Debug|Any CPU
		Release|Any CPU = Release|Any CPU
	EndGlobalSection
	GlobalSection(ProjectConfigurationPlatforms) = postSolution
		{F29D5733-600E-4B87-A838-5258D846C1A4}.Debug|Any CPU.ActiveCfg = Debug|Any CPU
		{F29D5733-600E-4B87-A838-5258D846C1A4}.Debug|Any CPU.Build.0 = Debug|Any CPU
		{F29D5733-600E-4B87-A838-5258D846C1A4}.Release|Any CPU.ActiveCfg = Release|Any CPU
		{F29D5733-600E-4B87-A838-5258D846C1A4}.Release|Any CPU.Build.0 = Release|Any CPU
		{EA9B897F-E9F7-461A-B13A-5386ADAFC433}.Debug|Any CPU.ActiveCfg = Debug|Any CPU
		{EA9B897F-E9F7-461A-B13A-5386ADAFC433}.Debug|Any CPU.Build.0 = Debug|Any CPU
		{EA9B897F-E9F7-461A-B13A-5386ADAFC433}.Release|Any CPU.ActiveCfg = Release|Any CPU
		{EA9B897F-E9F7-461A-B13A-5386ADAFC433}.Release|Any CPU.Build.0 = Release|Any CPU
	EndGlobalSection
	GlobalSection(SolutionProperties) = preSolution
		HideSolutionNode = FALSE
	EndGlobalSection
	GlobalSection(ExtensibilityGlobals) = postSolution
		SolutionGuid = {3DCE6545-7051-433D-8D06-11AB95D80B10}
	EndGlobalSection
EndGlobal
